
Microsoft Visual Studio Solution File, Format Version 12.00
# Visual Studio 14
VisualStudioVersion = 14.0.25420.1
MinimumVisualStudioVersion = 10.0.40219.1
Project("{FAE04EC0-301F-11D3-BF4B-00C04F79EFBC}") = "TheServer", "TheServer\TheServer.csproj", "{4420B030-1719-4C57-83EC-1EAFA5584EF3}"
EndProject
Project("{FAE04EC0-301F-11D3-BF4B-00C04F79EFBC}") = "TheServer.Tests", "TheServer.Tests\TheServer.Tests.csproj", "{36330DBF-150A-49D4-BC21-43A62B80DAE9}"
EndProject
Project("{FAE04EC0-301F-11D3-BF4B-00C04F79EFBC}") = "DTO", "..\DTO\DTO\DTO.csproj", "{67F9D3A8-F71E-4428-913F-C37AE82CDB24}"
EndProject
Project("{FAE04EC0-301F-11D3-BF4B-00C04F79EFBC}") = "DAL", "DAL\DAL.csproj", "{341C9435-7B6D-4DE0-83D3-ED44042B67C1}"
EndProject
Global
	GlobalSection(SolutionConfigurationPlatforms) = preSolution
		Debug|Any CPU = Debug|Any CPU
		Release|Any CPU = Release|Any CPU
	EndGlobalSection
	GlobalSection(ProjectConfigurationPlatforms) = postSolution
		{4420B030-1719-4C57-83EC-1EAFA5584EF3}.Debug|Any CPU.ActiveCfg = Debug|Any CPU
		{4420B030-1719-4C57-83EC-1EAFA5584EF3}.Debug|Any CPU.Build.0 = Debug|Any CPU
		{4420B030-1719-4C57-83EC-1EAFA5584EF3}.Release|Any CPU.ActiveCfg = Release|Any CPU
		{4420B030-1719-4C57-83EC-1EAFA5584EF3}.Release|Any CPU.Build.0 = Release|Any CPU
		{36330DBF-150A-49D4-BC21-43A62B80DAE9}.Debug|Any CPU.ActiveCfg = Debug|Any CPU
		{36330DBF-150A-49D4-BC21-43A62B80DAE9}.Debug|Any CPU.Build.0 = Debug|Any CPU
		{36330DBF-150A-49D4-BC21-43A62B80DAE9}.Release|Any CPU.ActiveCfg = Release|Any CPU
		{36330DBF-150A-49D4-BC21-43A62B80DAE9}.Release|Any CPU.Build.0 = Release|Any CPU
		{67F9D3A8-F71E-4428-913F-C37AE82CDB24}.Debug|Any CPU.ActiveCfg = Debug|Any CPU
		{67F9D3A8-F71E-4428-913F-C37AE82CDB24}.Debug|Any CPU.Build.0 = Debug|Any CPU
		{67F9D3A8-F71E-4428-913F-C37AE82CDB24}.Release|Any CPU.ActiveCfg = Release|Any CPU
		{67F9D3A8-F71E-4428-913F-C37AE82CDB24}.Release|Any CPU.Build.0 = Release|Any CPU
		{341C9435-7B6D-4DE0-83D3-ED44042B67C1}.Debug|Any CPU.ActiveCfg = Debug|Any CPU
		{341C9435-7B6D-4DE0-83D3-ED44042B67C1}.Debug|Any CPU.Build.0 = Debug|Any CPU
		{341C9435-7B6D-4DE0-83D3-ED44042B67C1}.Release|Any CPU.ActiveCfg = Release|Any CPU
		{341C9435-7B6D-4DE0-83D3-ED44042B67C1}.Release|Any CPU.Build.0 = Release|Any CPU
	EndGlobalSection
	GlobalSection(SolutionProperties) = preSolution
		HideSolutionNode = FALSE
	EndGlobalSection
EndGlobal
