
Microsoft Visual Studio Solution File, Format Version 12.00
# Visual Studio 14
VisualStudioVersion = 14.0.25420.1
MinimumVisualStudioVersion = 10.0.40219.1
Project("{FAE04EC0-301F-11D3-BF4B-00C04F79EFBC}") = "TheApp.Droid", "TheApp\TheApp.Droid\TheApp.Droid.csproj", "{911E2201-372B-42CD-AF1D-D3D11CED3680}"
EndProject
Project("{FAE04EC0-301F-11D3-BF4B-00C04F79EFBC}") = "TheApp.iOS", "TheApp\TheApp.iOS\TheApp.iOS.csproj", "{58CF0CDF-8E70-4152-AAAE-4768A5E74798}"
EndProject
Project("{FAE04EC0-301F-11D3-BF4B-00C04F79EFBC}") = "TheApp.WinPhone", "TheApp\TheApp.WinPhone\TheApp.WinPhone.csproj", "{E76706B0-944B-42BB-A90A-27CAA36C107B}"
EndProject
Project("{FAE04EC0-301F-11D3-BF4B-00C04F79EFBC}") = "TheApp.UWP", "TheApp\TheApp.UWP\TheApp.UWP.csproj", "{5CC0B12A-5500-4A5C-BCBC-3354F6E729B4}"
EndProject
Project("{FAE04EC0-301F-11D3-BF4B-00C04F79EFBC}") = "TheApp.Windows", "TheApp\TheApp.Windows\TheApp.Windows.csproj", "{85D5BF31-EA33-4238-8295-C926FE0C4E0A}"
EndProject
Project("{FAE04EC0-301F-11D3-BF4B-00C04F79EFBC}") = "TheApp", "TheApp\TheApp\TheApp.csproj", "{7183E7BA-33CE-4B11-8B41-BB451BCA11A8}"
EndProject
Global
	GlobalSection(SolutionConfigurationPlatforms) = preSolution
		Ad-Hoc|Any CPU = Ad-Hoc|Any CPU
		Ad-Hoc|ARM = Ad-Hoc|ARM
		Ad-Hoc|iPhone = Ad-Hoc|iPhone
		Ad-Hoc|iPhoneSimulator = Ad-Hoc|iPhoneSimulator
		Ad-Hoc|x64 = Ad-Hoc|x64
		Ad-Hoc|x86 = Ad-Hoc|x86
		AppStore|Any CPU = AppStore|Any CPU
		AppStore|ARM = AppStore|ARM
		AppStore|iPhone = AppStore|iPhone
		AppStore|iPhoneSimulator = AppStore|iPhoneSimulator
		AppStore|x64 = AppStore|x64
		AppStore|x86 = AppStore|x86
		Debug|Any CPU = Debug|Any CPU
		Debug|ARM = Debug|ARM
		Debug|iPhone = Debug|iPhone
		Debug|iPhoneSimulator = Debug|iPhoneSimulator
		Debug|x64 = Debug|x64
		Debug|x86 = Debug|x86
		Release|Any CPU = Release|Any CPU
		Release|ARM = Release|ARM
		Release|iPhone = Release|iPhone
		Release|iPhoneSimulator = Release|iPhoneSimulator
		Release|x64 = Release|x64
		Release|x86 = Release|x86
	EndGlobalSection
	GlobalSection(ProjectConfigurationPlatforms) = postSolution
		{911E2201-372B-42CD-AF1D-D3D11CED3680}.Ad-Hoc|Any CPU.ActiveCfg = Release|Any CPU
		{911E2201-372B-42CD-AF1D-D3D11CED3680}.Ad-Hoc|Any CPU.Build.0 = Release|Any CPU
		{911E2201-372B-42CD-AF1D-D3D11CED3680}.Ad-Hoc|Any CPU.Deploy.0 = Release|Any CPU
		{911E2201-372B-42CD-AF1D-D3D11CED3680}.Ad-Hoc|ARM.ActiveCfg = Release|Any CPU
		{911E2201-372B-42CD-AF1D-D3D11CED3680}.Ad-Hoc|ARM.Build.0 = Release|Any CPU
		{911E2201-372B-42CD-AF1D-D3D11CED3680}.Ad-Hoc|ARM.Deploy.0 = Release|Any CPU
		{911E2201-372B-42CD-AF1D-D3D11CED3680}.Ad-Hoc|iPhone.ActiveCfg = Release|Any CPU
		{911E2201-372B-42CD-AF1D-D3D11CED3680}.Ad-Hoc|iPhone.Build.0 = Release|Any CPU
		{911E2201-372B-42CD-AF1D-D3D11CED3680}.Ad-Hoc|iPhone.Deploy.0 = Release|Any CPU
		{911E2201-372B-42CD-AF1D-D3D11CED3680}.Ad-Hoc|iPhoneSimulator.ActiveCfg = Release|Any CPU
		{911E2201-372B-42CD-AF1D-D3D11CED3680}.Ad-Hoc|iPhoneSimulator.Build.0 = Release|Any CPU
		{911E2201-372B-42CD-AF1D-D3D11CED3680}.Ad-Hoc|iPhoneSimulator.Deploy.0 = Release|Any CPU
		{911E2201-372B-42CD-AF1D-D3D11CED3680}.Ad-Hoc|x64.ActiveCfg = Release|Any CPU
		{911E2201-372B-42CD-AF1D-D3D11CED3680}.Ad-Hoc|x64.Build.0 = Release|Any CPU
		{911E2201-372B-42CD-AF1D-D3D11CED3680}.Ad-Hoc|x64.Deploy.0 = Release|Any CPU
		{911E2201-372B-42CD-AF1D-D3D11CED3680}.Ad-Hoc|x86.ActiveCfg = Release|Any CPU
		{911E2201-372B-42CD-AF1D-D3D11CED3680}.Ad-Hoc|x86.Build.0 = Release|Any CPU
		{911E2201-372B-42CD-AF1D-D3D11CED3680}.Ad-Hoc|x86.Deploy.0 = Release|Any CPU
		{911E2201-372B-42CD-AF1D-D3D11CED3680}.AppStore|Any CPU.ActiveCfg = Release|Any CPU
		{911E2201-372B-42CD-AF1D-D3D11CED3680}.AppStore|Any CPU.Build.0 = Release|Any CPU
		{911E2201-372B-42CD-AF1D-D3D11CED3680}.AppStore|Any CPU.Deploy.0 = Release|Any CPU
		{911E2201-372B-42CD-AF1D-D3D11CED3680}.AppStore|ARM.ActiveCfg = Release|Any CPU
		{911E2201-372B-42CD-AF1D-D3D11CED3680}.AppStore|ARM.Build.0 = Release|Any CPU
		{911E2201-372B-42CD-AF1D-D3D11CED3680}.AppStore|ARM.Deploy.0 = Release|Any CPU
		{911E2201-372B-42CD-AF1D-D3D11CED3680}.AppStore|iPhone.ActiveCfg = Release|Any CPU
		{911E2201-372B-42CD-AF1D-D3D11CED3680}.AppStore|iPhone.Build.0 = Release|Any CPU
		{911E2201-372B-42CD-AF1D-D3D11CED3680}.AppStore|iPhone.Deploy.0 = Release|Any CPU
		{911E2201-372B-42CD-AF1D-D3D11CED3680}.AppStore|iPhoneSimulator.ActiveCfg = Release|Any CPU
		{911E2201-372B-42CD-AF1D-D3D11CED3680}.AppStore|iPhoneSimulator.Build.0 = Release|Any CPU
		{911E2201-372B-42CD-AF1D-D3D11CED3680}.AppStore|iPhoneSimulator.Deploy.0 = Release|Any CPU
		{911E2201-372B-42CD-AF1D-D3D11CED3680}.AppStore|x64.ActiveCfg = Release|Any CPU
		{911E2201-372B-42CD-AF1D-D3D11CED3680}.AppStore|x64.Build.0 = Release|Any CPU
		{911E2201-372B-42CD-AF1D-D3D11CED3680}.AppStore|x64.Deploy.0 = Release|Any CPU
		{911E2201-372B-42CD-AF1D-D3D11CED3680}.AppStore|x86.ActiveCfg = Release|Any CPU
		{911E2201-372B-42CD-AF1D-D3D11CED3680}.AppStore|x86.Build.0 = Release|Any CPU
		{911E2201-372B-42CD-AF1D-D3D11CED3680}.AppStore|x86.Deploy.0 = Release|Any CPU
		{911E2201-372B-42CD-AF1D-D3D11CED3680}.Debug|Any CPU.ActiveCfg = Debug|Any CPU
		{911E2201-372B-42CD-AF1D-D3D11CED3680}.Debug|Any CPU.Build.0 = Debug|Any CPU
		{911E2201-372B-42CD-AF1D-D3D11CED3680}.Debug|Any CPU.Deploy.0 = Debug|Any CPU
		{911E2201-372B-42CD-AF1D-D3D11CED3680}.Debug|ARM.ActiveCfg = Debug|Any CPU
		{911E2201-372B-42CD-AF1D-D3D11CED3680}.Debug|ARM.Build.0 = Debug|Any CPU
		{911E2201-372B-42CD-AF1D-D3D11CED3680}.Debug|ARM.Deploy.0 = Debug|Any CPU
		{911E2201-372B-42CD-AF1D-D3D11CED3680}.Debug|iPhone.ActiveCfg = Debug|Any CPU
		{911E2201-372B-42CD-AF1D-D3D11CED3680}.Debug|iPhone.Build.0 = Debug|Any CPU
		{911E2201-372B-42CD-AF1D-D3D11CED3680}.Debug|iPhone.Deploy.0 = Debug|Any CPU
		{911E2201-372B-42CD-AF1D-D3D11CED3680}.Debug|iPhoneSimulator.ActiveCfg = Debug|Any CPU
		{911E2201-372B-42CD-AF1D-D3D11CED3680}.Debug|iPhoneSimulator.Build.0 = Debug|Any CPU
		{911E2201-372B-42CD-AF1D-D3D11CED3680}.Debug|iPhoneSimulator.Deploy.0 = Debug|Any CPU
		{911E2201-372B-42CD-AF1D-D3D11CED3680}.Debug|x64.ActiveCfg = Debug|Any CPU
		{911E2201-372B-42CD-AF1D-D3D11CED3680}.Debug|x64.Build.0 = Debug|Any CPU
		{911E2201-372B-42CD-AF1D-D3D11CED3680}.Debug|x64.Deploy.0 = Debug|Any CPU
		{911E2201-372B-42CD-AF1D-D3D11CED3680}.Debug|x86.ActiveCfg = Debug|Any CPU
		{911E2201-372B-42CD-AF1D-D3D11CED3680}.Debug|x86.Build.0 = Debug|Any CPU
		{911E2201-372B-42CD-AF1D-D3D11CED3680}.Debug|x86.Deploy.0 = Debug|Any CPU
		{911E2201-372B-42CD-AF1D-D3D11CED3680}.Release|Any CPU.ActiveCfg = Release|Any CPU
		{911E2201-372B-42CD-AF1D-D3D11CED3680}.Release|Any CPU.Build.0 = Release|Any CPU
		{911E2201-372B-42CD-AF1D-D3D11CED3680}.Release|Any CPU.Deploy.0 = Release|Any CPU
		{911E2201-372B-42CD-AF1D-D3D11CED3680}.Release|ARM.ActiveCfg = Release|Any CPU
		{911E2201-372B-42CD-AF1D-D3D11CED3680}.Release|ARM.Build.0 = Release|Any CPU
		{911E2201-372B-42CD-AF1D-D3D11CED3680}.Release|ARM.Deploy.0 = Release|Any CPU
		{911E2201-372B-42CD-AF1D-D3D11CED3680}.Release|iPhone.ActiveCfg = Release|Any CPU
		{911E2201-372B-42CD-AF1D-D3D11CED3680}.Release|iPhone.Build.0 = Release|Any CPU
		{911E2201-372B-42CD-AF1D-D3D11CED3680}.Release|iPhone.Deploy.0 = Release|Any CPU
		{911E2201-372B-42CD-AF1D-D3D11CED3680}.Release|iPhoneSimulator.ActiveCfg = Release|Any CPU
		{911E2201-372B-42CD-AF1D-D3D11CED3680}.Release|iPhoneSimulator.Build.0 = Release|Any CPU
		{911E2201-372B-42CD-AF1D-D3D11CED3680}.Release|iPhoneSimulator.Deploy.0 = Release|Any CPU
		{911E2201-372B-42CD-AF1D-D3D11CED3680}.Release|x64.ActiveCfg = Release|Any CPU
		{911E2201-372B-42CD-AF1D-D3D11CED3680}.Release|x64.Build.0 = Release|Any CPU
		{911E2201-372B-42CD-AF1D-D3D11CED3680}.Release|x64.Deploy.0 = Release|Any CPU
		{911E2201-372B-42CD-AF1D-D3D11CED3680}.Release|x86.ActiveCfg = Release|Any CPU
		{911E2201-372B-42CD-AF1D-D3D11CED3680}.Release|x86.Build.0 = Release|Any CPU
		{911E2201-372B-42CD-AF1D-D3D11CED3680}.Release|x86.Deploy.0 = Release|Any CPU
		{58CF0CDF-8E70-4152-AAAE-4768A5E74798}.Ad-Hoc|Any CPU.ActiveCfg = Ad-Hoc|iPhone
		{58CF0CDF-8E70-4152-AAAE-4768A5E74798}.Ad-Hoc|ARM.ActiveCfg = Ad-Hoc|iPhone
		{58CF0CDF-8E70-4152-AAAE-4768A5E74798}.Ad-Hoc|iPhone.ActiveCfg = Ad-Hoc|iPhone
		{58CF0CDF-8E70-4152-AAAE-4768A5E74798}.Ad-Hoc|iPhone.Build.0 = Ad-Hoc|iPhone
		{58CF0CDF-8E70-4152-AAAE-4768A5E74798}.Ad-Hoc|iPhoneSimulator.ActiveCfg = Ad-Hoc|iPhoneSimulator
		{58CF0CDF-8E70-4152-AAAE-4768A5E74798}.Ad-Hoc|iPhoneSimulator.Build.0 = Ad-Hoc|iPhoneSimulator
		{58CF0CDF-8E70-4152-AAAE-4768A5E74798}.Ad-Hoc|x64.ActiveCfg = Ad-Hoc|iPhone
		{58CF0CDF-8E70-4152-AAAE-4768A5E74798}.Ad-Hoc|x86.ActiveCfg = Ad-Hoc|iPhone
		{58CF0CDF-8E70-4152-AAAE-4768A5E74798}.AppStore|Any CPU.ActiveCfg = AppStore|iPhone
		{58CF0CDF-8E70-4152-AAAE-4768A5E74798}.AppStore|ARM.ActiveCfg = AppStore|iPhone
		{58CF0CDF-8E70-4152-AAAE-4768A5E74798}.AppStore|iPhone.ActiveCfg = AppStore|iPhone
		{58CF0CDF-8E70-4152-AAAE-4768A5E74798}.AppStore|iPhone.Build.0 = AppStore|iPhone
		{58CF0CDF-8E70-4152-AAAE-4768A5E74798}.AppStore|iPhoneSimulator.ActiveCfg = AppStore|iPhoneSimulator
		{58CF0CDF-8E70-4152-AAAE-4768A5E74798}.AppStore|iPhoneSimulator.Build.0 = AppStore|iPhoneSimulator
		{58CF0CDF-8E70-4152-AAAE-4768A5E74798}.AppStore|x64.ActiveCfg = AppStore|iPhone
		{58CF0CDF-8E70-4152-AAAE-4768A5E74798}.AppStore|x86.ActiveCfg = AppStore|iPhone
		{58CF0CDF-8E70-4152-AAAE-4768A5E74798}.Debug|Any CPU.ActiveCfg = Debug|iPhone
		{58CF0CDF-8E70-4152-AAAE-4768A5E74798}.Debug|ARM.ActiveCfg = Debug|iPhone
		{58CF0CDF-8E70-4152-AAAE-4768A5E74798}.Debug|iPhone.ActiveCfg = Debug|iPhone
		{58CF0CDF-8E70-4152-AAAE-4768A5E74798}.Debug|iPhone.Build.0 = Debug|iPhone
		{58CF0CDF-8E70-4152-AAAE-4768A5E74798}.Debug|iPhoneSimulator.ActiveCfg = Debug|iPhoneSimulator
		{58CF0CDF-8E70-4152-AAAE-4768A5E74798}.Debug|iPhoneSimulator.Build.0 = Debug|iPhoneSimulator
		{58CF0CDF-8E70-4152-AAAE-4768A5E74798}.Debug|x64.ActiveCfg = Debug|iPhone
		{58CF0CDF-8E70-4152-AAAE-4768A5E74798}.Debug|x86.ActiveCfg = Debug|iPhone
		{58CF0CDF-8E70-4152-AAAE-4768A5E74798}.Release|Any CPU.ActiveCfg = Release|iPhone
		{58CF0CDF-8E70-4152-AAAE-4768A5E74798}.Release|ARM.ActiveCfg = Release|iPhone
		{58CF0CDF-8E70-4152-AAAE-4768A5E74798}.Release|iPhone.ActiveCfg = Release|iPhone
		{58CF0CDF-8E70-4152-AAAE-4768A5E74798}.Release|iPhone.Build.0 = Release|iPhone
		{58CF0CDF-8E70-4152-AAAE-4768A5E74798}.Release|iPhoneSimulator.ActiveCfg = Release|iPhoneSimulator
		{58CF0CDF-8E70-4152-AAAE-4768A5E74798}.Release|iPhoneSimulator.Build.0 = Release|iPhoneSimulator
		{58CF0CDF-8E70-4152-AAAE-4768A5E74798}.Release|x64.ActiveCfg = Release|iPhone
		{58CF0CDF-8E70-4152-AAAE-4768A5E74798}.Release|x86.ActiveCfg = Release|iPhone
		{E76706B0-944B-42BB-A90A-27CAA36C107B}.Ad-Hoc|Any CPU.ActiveCfg = Release|Any CPU
		{E76706B0-944B-42BB-A90A-27CAA36C107B}.Ad-Hoc|Any CPU.Build.0 = Release|Any CPU
		{E76706B0-944B-42BB-A90A-27CAA36C107B}.Ad-Hoc|Any CPU.Deploy.0 = Release|Any CPU
		{E76706B0-944B-42BB-A90A-27CAA36C107B}.Ad-Hoc|ARM.ActiveCfg = Release|ARM
		{E76706B0-944B-42BB-A90A-27CAA36C107B}.Ad-Hoc|ARM.Build.0 = Release|ARM
		{E76706B0-944B-42BB-A90A-27CAA36C107B}.Ad-Hoc|ARM.Deploy.0 = Release|ARM
		{E76706B0-944B-42BB-A90A-27CAA36C107B}.Ad-Hoc|iPhone.ActiveCfg = Release|Any CPU
		{E76706B0-944B-42BB-A90A-27CAA36C107B}.Ad-Hoc|iPhone.Build.0 = Release|Any CPU
		{E76706B0-944B-42BB-A90A-27CAA36C107B}.Ad-Hoc|iPhone.Deploy.0 = Release|Any CPU
		{E76706B0-944B-42BB-A90A-27CAA36C107B}.Ad-Hoc|iPhoneSimulator.ActiveCfg = Release|Any CPU
		{E76706B0-944B-42BB-A90A-27CAA36C107B}.Ad-Hoc|iPhoneSimulator.Build.0 = Release|Any CPU
		{E76706B0-944B-42BB-A90A-27CAA36C107B}.Ad-Hoc|iPhoneSimulator.Deploy.0 = Release|Any CPU
		{E76706B0-944B-42BB-A90A-27CAA36C107B}.Ad-Hoc|x64.ActiveCfg = Release|Any CPU
		{E76706B0-944B-42BB-A90A-27CAA36C107B}.Ad-Hoc|x64.Build.0 = Release|Any CPU
		{E76706B0-944B-42BB-A90A-27CAA36C107B}.Ad-Hoc|x64.Deploy.0 = Release|Any CPU
		{E76706B0-944B-42BB-A90A-27CAA36C107B}.Ad-Hoc|x86.ActiveCfg = Release|x86
		{E76706B0-944B-42BB-A90A-27CAA36C107B}.Ad-Hoc|x86.Build.0 = Release|x86
		{E76706B0-944B-42BB-A90A-27CAA36C107B}.Ad-Hoc|x86.Deploy.0 = Release|x86
		{E76706B0-944B-42BB-A90A-27CAA36C107B}.AppStore|Any CPU.ActiveCfg = Release|Any CPU
		{E76706B0-944B-42BB-A90A-27CAA36C107B}.AppStore|Any CPU.Build.0 = Release|Any CPU
		{E76706B0-944B-42BB-A90A-27CAA36C107B}.AppStore|Any CPU.Deploy.0 = Release|Any CPU
		{E76706B0-944B-42BB-A90A-27CAA36C107B}.AppStore|ARM.ActiveCfg = Release|ARM
		{E76706B0-944B-42BB-A90A-27CAA36C107B}.AppStore|ARM.Build.0 = Release|ARM
		{E76706B0-944B-42BB-A90A-27CAA36C107B}.AppStore|ARM.Deploy.0 = Release|ARM
		{E76706B0-944B-42BB-A90A-27CAA36C107B}.AppStore|iPhone.ActiveCfg = Release|Any CPU
		{E76706B0-944B-42BB-A90A-27CAA36C107B}.AppStore|iPhone.Build.0 = Release|Any CPU
		{E76706B0-944B-42BB-A90A-27CAA36C107B}.AppStore|iPhone.Deploy.0 = Release|Any CPU
		{E76706B0-944B-42BB-A90A-27CAA36C107B}.AppStore|iPhoneSimulator.ActiveCfg = Release|Any CPU
		{E76706B0-944B-42BB-A90A-27CAA36C107B}.AppStore|iPhoneSimulator.Build.0 = Release|Any CPU
		{E76706B0-944B-42BB-A90A-27CAA36C107B}.AppStore|iPhoneSimulator.Deploy.0 = Release|Any CPU
		{E76706B0-944B-42BB-A90A-27CAA36C107B}.AppStore|x64.ActiveCfg = Release|Any CPU
		{E76706B0-944B-42BB-A90A-27CAA36C107B}.AppStore|x64.Build.0 = Release|Any CPU
		{E76706B0-944B-42BB-A90A-27CAA36C107B}.AppStore|x64.Deploy.0 = Release|Any CPU
		{E76706B0-944B-42BB-A90A-27CAA36C107B}.AppStore|x86.ActiveCfg = Release|x86
		{E76706B0-944B-42BB-A90A-27CAA36C107B}.AppStore|x86.Build.0 = Release|x86
		{E76706B0-944B-42BB-A90A-27CAA36C107B}.AppStore|x86.Deploy.0 = Release|x86
		{E76706B0-944B-42BB-A90A-27CAA36C107B}.Debug|Any CPU.ActiveCfg = Debug|Any CPU
		{E76706B0-944B-42BB-A90A-27CAA36C107B}.Debug|Any CPU.Build.0 = Debug|Any CPU
		{E76706B0-944B-42BB-A90A-27CAA36C107B}.Debug|Any CPU.Deploy.0 = Debug|Any CPU
		{E76706B0-944B-42BB-A90A-27CAA36C107B}.Debug|ARM.ActiveCfg = Debug|ARM
		{E76706B0-944B-42BB-A90A-27CAA36C107B}.Debug|ARM.Build.0 = Debug|ARM
		{E76706B0-944B-42BB-A90A-27CAA36C107B}.Debug|ARM.Deploy.0 = Debug|ARM
		{E76706B0-944B-42BB-A90A-27CAA36C107B}.Debug|iPhone.ActiveCfg = Debug|Any CPU
		{E76706B0-944B-42BB-A90A-27CAA36C107B}.Debug|iPhone.Build.0 = Debug|Any CPU
		{E76706B0-944B-42BB-A90A-27CAA36C107B}.Debug|iPhone.Deploy.0 = Debug|Any CPU
		{E76706B0-944B-42BB-A90A-27CAA36C107B}.Debug|iPhoneSimulator.ActiveCfg = Debug|Any CPU
		{E76706B0-944B-42BB-A90A-27CAA36C107B}.Debug|iPhoneSimulator.Build.0 = Debug|Any CPU
		{E76706B0-944B-42BB-A90A-27CAA36C107B}.Debug|iPhoneSimulator.Deploy.0 = Debug|Any CPU
		{E76706B0-944B-42BB-A90A-27CAA36C107B}.Debug|x64.ActiveCfg = Debug|Any CPU
		{E76706B0-944B-42BB-A90A-27CAA36C107B}.Debug|x64.Build.0 = Debug|Any CPU
		{E76706B0-944B-42BB-A90A-27CAA36C107B}.Debug|x64.Deploy.0 = Debug|Any CPU
		{E76706B0-944B-42BB-A90A-27CAA36C107B}.Debug|x86.ActiveCfg = Debug|x86
		{E76706B0-944B-42BB-A90A-27CAA36C107B}.Debug|x86.Build.0 = Debug|x86
		{E76706B0-944B-42BB-A90A-27CAA36C107B}.Debug|x86.Deploy.0 = Debug|x86
		{E76706B0-944B-42BB-A90A-27CAA36C107B}.Release|Any CPU.ActiveCfg = Release|Any CPU
		{E76706B0-944B-42BB-A90A-27CAA36C107B}.Release|Any CPU.Build.0 = Release|Any CPU
		{E76706B0-944B-42BB-A90A-27CAA36C107B}.Release|Any CPU.Deploy.0 = Release|Any CPU
		{E76706B0-944B-42BB-A90A-27CAA36C107B}.Release|ARM.ActiveCfg = Release|ARM
		{E76706B0-944B-42BB-A90A-27CAA36C107B}.Release|ARM.Build.0 = Release|ARM
		{E76706B0-944B-42BB-A90A-27CAA36C107B}.Release|ARM.Deploy.0 = Release|ARM
		{E76706B0-944B-42BB-A90A-27CAA36C107B}.Release|iPhone.ActiveCfg = Release|Any CPU
		{E76706B0-944B-42BB-A90A-27CAA36C107B}.Release|iPhone.Build.0 = Release|Any CPU
		{E76706B0-944B-42BB-A90A-27CAA36C107B}.Release|iPhone.Deploy.0 = Release|Any CPU
		{E76706B0-944B-42BB-A90A-27CAA36C107B}.Release|iPhoneSimulator.ActiveCfg = Release|Any CPU
		{E76706B0-944B-42BB-A90A-27CAA36C107B}.Release|iPhoneSimulator.Build.0 = Release|Any CPU
		{E76706B0-944B-42BB-A90A-27CAA36C107B}.Release|iPhoneSimulator.Deploy.0 = Release|Any CPU
		{E76706B0-944B-42BB-A90A-27CAA36C107B}.Release|x64.ActiveCfg = Release|Any CPU
		{E76706B0-944B-42BB-A90A-27CAA36C107B}.Release|x64.Build.0 = Release|Any CPU
		{E76706B0-944B-42BB-A90A-27CAA36C107B}.Release|x64.Deploy.0 = Release|Any CPU
		{E76706B0-944B-42BB-A90A-27CAA36C107B}.Release|x86.ActiveCfg = Release|x86
		{E76706B0-944B-42BB-A90A-27CAA36C107B}.Release|x86.Build.0 = Release|x86
		{E76706B0-944B-42BB-A90A-27CAA36C107B}.Release|x86.Deploy.0 = Release|x86
		{5CC0B12A-5500-4A5C-BCBC-3354F6E729B4}.Ad-Hoc|Any CPU.ActiveCfg = Release|x86
		{5CC0B12A-5500-4A5C-BCBC-3354F6E729B4}.Ad-Hoc|Any CPU.Build.0 = Release|x86
		{5CC0B12A-5500-4A5C-BCBC-3354F6E729B4}.Ad-Hoc|Any CPU.Deploy.0 = Release|x86
		{5CC0B12A-5500-4A5C-BCBC-3354F6E729B4}.Ad-Hoc|ARM.ActiveCfg = Release|ARM
		{5CC0B12A-5500-4A5C-BCBC-3354F6E729B4}.Ad-Hoc|ARM.Build.0 = Release|ARM
		{5CC0B12A-5500-4A5C-BCBC-3354F6E729B4}.Ad-Hoc|ARM.Deploy.0 = Release|ARM
		{5CC0B12A-5500-4A5C-BCBC-3354F6E729B4}.Ad-Hoc|iPhone.ActiveCfg = Release|x86
		{5CC0B12A-5500-4A5C-BCBC-3354F6E729B4}.Ad-Hoc|iPhone.Build.0 = Release|x86
		{5CC0B12A-5500-4A5C-BCBC-3354F6E729B4}.Ad-Hoc|iPhone.Deploy.0 = Release|x86
		{5CC0B12A-5500-4A5C-BCBC-3354F6E729B4}.Ad-Hoc|iPhoneSimulator.ActiveCfg = Release|x86
		{5CC0B12A-5500-4A5C-BCBC-3354F6E729B4}.Ad-Hoc|iPhoneSimulator.Build.0 = Release|x86
		{5CC0B12A-5500-4A5C-BCBC-3354F6E729B4}.Ad-Hoc|iPhoneSimulator.Deploy.0 = Release|x86
		{5CC0B12A-5500-4A5C-BCBC-3354F6E729B4}.Ad-Hoc|x64.ActiveCfg = Release|x64
		{5CC0B12A-5500-4A5C-BCBC-3354F6E729B4}.Ad-Hoc|x64.Build.0 = Release|x64
		{5CC0B12A-5500-4A5C-BCBC-3354F6E729B4}.Ad-Hoc|x64.Deploy.0 = Release|x64
		{5CC0B12A-5500-4A5C-BCBC-3354F6E729B4}.Ad-Hoc|x86.ActiveCfg = Release|x86
		{5CC0B12A-5500-4A5C-BCBC-3354F6E729B4}.Ad-Hoc|x86.Build.0 = Release|x86
		{5CC0B12A-5500-4A5C-BCBC-3354F6E729B4}.Ad-Hoc|x86.Deploy.0 = Release|x86
		{5CC0B12A-5500-4A5C-BCBC-3354F6E729B4}.AppStore|Any CPU.ActiveCfg = Release|x86
		{5CC0B12A-5500-4A5C-BCBC-3354F6E729B4}.AppStore|Any CPU.Build.0 = Release|x86
		{5CC0B12A-5500-4A5C-BCBC-3354F6E729B4}.AppStore|Any CPU.Deploy.0 = Release|x86
		{5CC0B12A-5500-4A5C-BCBC-3354F6E729B4}.AppStore|ARM.ActiveCfg = Release|ARM
		{5CC0B12A-5500-4A5C-BCBC-3354F6E729B4}.AppStore|ARM.Build.0 = Release|ARM
		{5CC0B12A-5500-4A5C-BCBC-3354F6E729B4}.AppStore|ARM.Deploy.0 = Release|ARM
		{5CC0B12A-5500-4A5C-BCBC-3354F6E729B4}.AppStore|iPhone.ActiveCfg = Release|x86
		{5CC0B12A-5500-4A5C-BCBC-3354F6E729B4}.AppStore|iPhone.Build.0 = Release|x86
		{5CC0B12A-5500-4A5C-BCBC-3354F6E729B4}.AppStore|iPhone.Deploy.0 = Release|x86
		{5CC0B12A-5500-4A5C-BCBC-3354F6E729B4}.AppStore|iPhoneSimulator.ActiveCfg = Release|x86
		{5CC0B12A-5500-4A5C-BCBC-3354F6E729B4}.AppStore|iPhoneSimulator.Build.0 = Release|x86
		{5CC0B12A-5500-4A5C-BCBC-3354F6E729B4}.AppStore|iPhoneSimulator.Deploy.0 = Release|x86
		{5CC0B12A-5500-4A5C-BCBC-3354F6E729B4}.AppStore|x64.ActiveCfg = Release|x64
		{5CC0B12A-5500-4A5C-BCBC-3354F6E729B4}.AppStore|x64.Build.0 = Release|x64
		{5CC0B12A-5500-4A5C-BCBC-3354F6E729B4}.AppStore|x64.Deploy.0 = Release|x64
		{5CC0B12A-5500-4A5C-BCBC-3354F6E729B4}.AppStore|x86.ActiveCfg = Release|x86
		{5CC0B12A-5500-4A5C-BCBC-3354F6E729B4}.AppStore|x86.Build.0 = Release|x86
		{5CC0B12A-5500-4A5C-BCBC-3354F6E729B4}.AppStore|x86.Deploy.0 = Release|x86
		{5CC0B12A-5500-4A5C-BCBC-3354F6E729B4}.Debug|Any CPU.ActiveCfg = Debug|x86
		{5CC0B12A-5500-4A5C-BCBC-3354F6E729B4}.Debug|ARM.ActiveCfg = Debug|ARM
		{5CC0B12A-5500-4A5C-BCBC-3354F6E729B4}.Debug|ARM.Build.0 = Debug|ARM
		{5CC0B12A-5500-4A5C-BCBC-3354F6E729B4}.Debug|ARM.Deploy.0 = Debug|ARM
		{5CC0B12A-5500-4A5C-BCBC-3354F6E729B4}.Debug|iPhone.ActiveCfg = Debug|x86
		{5CC0B12A-5500-4A5C-BCBC-3354F6E729B4}.Debug|iPhoneSimulator.ActiveCfg = Debug|x86
		{5CC0B12A-5500-4A5C-BCBC-3354F6E729B4}.Debug|x64.ActiveCfg = Debug|x64
		{5CC0B12A-5500-4A5C-BCBC-3354F6E729B4}.Debug|x64.Build.0 = Debug|x64
		{5CC0B12A-5500-4A5C-BCBC-3354F6E729B4}.Debug|x64.Deploy.0 = Debug|x64
		{5CC0B12A-5500-4A5C-BCBC-3354F6E729B4}.Debug|x86.ActiveCfg = Debug|x86
		{5CC0B12A-5500-4A5C-BCBC-3354F6E729B4}.Debug|x86.Build.0 = Debug|x86
		{5CC0B12A-5500-4A5C-BCBC-3354F6E729B4}.Debug|x86.Deploy.0 = Debug|x86
		{5CC0B12A-5500-4A5C-BCBC-3354F6E729B4}.Release|Any CPU.ActiveCfg = Release|x86
		{5CC0B12A-5500-4A5C-BCBC-3354F6E729B4}.Release|ARM.ActiveCfg = Release|ARM
		{5CC0B12A-5500-4A5C-BCBC-3354F6E729B4}.Release|ARM.Build.0 = Release|ARM
		{5CC0B12A-5500-4A5C-BCBC-3354F6E729B4}.Release|ARM.Deploy.0 = Release|ARM
		{5CC0B12A-5500-4A5C-BCBC-3354F6E729B4}.Release|iPhone.ActiveCfg = Release|x86
		{5CC0B12A-5500-4A5C-BCBC-3354F6E729B4}.Release|iPhoneSimulator.ActiveCfg = Release|x86
		{5CC0B12A-5500-4A5C-BCBC-3354F6E729B4}.Release|x64.ActiveCfg = Release|x64
		{5CC0B12A-5500-4A5C-BCBC-3354F6E729B4}.Release|x64.Build.0 = Release|x64
		{5CC0B12A-5500-4A5C-BCBC-3354F6E729B4}.Release|x64.Deploy.0 = Release|x64
		{5CC0B12A-5500-4A5C-BCBC-3354F6E729B4}.Release|x86.ActiveCfg = Release|x86
		{5CC0B12A-5500-4A5C-BCBC-3354F6E729B4}.Release|x86.Build.0 = Release|x86
		{5CC0B12A-5500-4A5C-BCBC-3354F6E729B4}.Release|x86.Deploy.0 = Release|x86
		{85D5BF31-EA33-4238-8295-C926FE0C4E0A}.Ad-Hoc|Any CPU.ActiveCfg = Release|Any CPU
		{85D5BF31-EA33-4238-8295-C926FE0C4E0A}.Ad-Hoc|Any CPU.Build.0 = Release|Any CPU
		{85D5BF31-EA33-4238-8295-C926FE0C4E0A}.Ad-Hoc|Any CPU.Deploy.0 = Release|Any CPU
		{85D5BF31-EA33-4238-8295-C926FE0C4E0A}.Ad-Hoc|ARM.ActiveCfg = Release|ARM
		{85D5BF31-EA33-4238-8295-C926FE0C4E0A}.Ad-Hoc|ARM.Build.0 = Release|ARM
		{85D5BF31-EA33-4238-8295-C926FE0C4E0A}.Ad-Hoc|ARM.Deploy.0 = Release|ARM
		{85D5BF31-EA33-4238-8295-C926FE0C4E0A}.Ad-Hoc|iPhone.ActiveCfg = Release|Any CPU
		{85D5BF31-EA33-4238-8295-C926FE0C4E0A}.Ad-Hoc|iPhone.Build.0 = Release|Any CPU
		{85D5BF31-EA33-4238-8295-C926FE0C4E0A}.Ad-Hoc|iPhone.Deploy.0 = Release|Any CPU
		{85D5BF31-EA33-4238-8295-C926FE0C4E0A}.Ad-Hoc|iPhoneSimulator.ActiveCfg = Release|Any CPU
		{85D5BF31-EA33-4238-8295-C926FE0C4E0A}.Ad-Hoc|iPhoneSimulator.Build.0 = Release|Any CPU
		{85D5BF31-EA33-4238-8295-C926FE0C4E0A}.Ad-Hoc|iPhoneSimulator.Deploy.0 = Release|Any CPU
		{85D5BF31-EA33-4238-8295-C926FE0C4E0A}.Ad-Hoc|x64.ActiveCfg = Release|x64
		{85D5BF31-EA33-4238-8295-C926FE0C4E0A}.Ad-Hoc|x64.Build.0 = Release|x64
		{85D5BF31-EA33-4238-8295-C926FE0C4E0A}.Ad-Hoc|x64.Deploy.0 = Release|x64
		{85D5BF31-EA33-4238-8295-C926FE0C4E0A}.Ad-Hoc|x86.ActiveCfg = Release|x86
		{85D5BF31-EA33-4238-8295-C926FE0C4E0A}.Ad-Hoc|x86.Build.0 = Release|x86
		{85D5BF31-EA33-4238-8295-C926FE0C4E0A}.Ad-Hoc|x86.Deploy.0 = Release|x86
		{85D5BF31-EA33-4238-8295-C926FE0C4E0A}.AppStore|Any CPU.ActiveCfg = Release|Any CPU
		{85D5BF31-EA33-4238-8295-C926FE0C4E0A}.AppStore|Any CPU.Build.0 = Release|Any CPU
		{85D5BF31-EA33-4238-8295-C926FE0C4E0A}.AppStore|Any CPU.Deploy.0 = Release|Any CPU
		{85D5BF31-EA33-4238-8295-C926FE0C4E0A}.AppStore|ARM.ActiveCfg = Release|ARM
		{85D5BF31-EA33-4238-8295-C926FE0C4E0A}.AppStore|ARM.Build.0 = Release|ARM
		{85D5BF31-EA33-4238-8295-C926FE0C4E0A}.AppStore|ARM.Deploy.0 = Release|ARM
		{85D5BF31-EA33-4238-8295-C926FE0C4E0A}.AppStore|iPhone.ActiveCfg = Release|Any CPU
		{85D5BF31-EA33-4238-8295-C926FE0C4E0A}.AppStore|iPhone.Build.0 = Release|Any CPU
		{85D5BF31-EA33-4238-8295-C926FE0C4E0A}.AppStore|iPhone.Deploy.0 = Release|Any CPU
		{85D5BF31-EA33-4238-8295-C926FE0C4E0A}.AppStore|iPhoneSimulator.ActiveCfg = Release|Any CPU
		{85D5BF31-EA33-4238-8295-C926FE0C4E0A}.AppStore|iPhoneSimulator.Build.0 = Release|Any CPU
		{85D5BF31-EA33-4238-8295-C926FE0C4E0A}.AppStore|iPhoneSimulator.Deploy.0 = Release|Any CPU
		{85D5BF31-EA33-4238-8295-C926FE0C4E0A}.AppStore|x64.ActiveCfg = Release|x64
		{85D5BF31-EA33-4238-8295-C926FE0C4E0A}.AppStore|x64.Build.0 = Release|x64
		{85D5BF31-EA33-4238-8295-C926FE0C4E0A}.AppStore|x64.Deploy.0 = Release|x64
		{85D5BF31-EA33-4238-8295-C926FE0C4E0A}.AppStore|x86.ActiveCfg = Release|x86
		{85D5BF31-EA33-4238-8295-C926FE0C4E0A}.AppStore|x86.Build.0 = Release|x86
		{85D5BF31-EA33-4238-8295-C926FE0C4E0A}.AppStore|x86.Deploy.0 = Release|x86
		{85D5BF31-EA33-4238-8295-C926FE0C4E0A}.Debug|Any CPU.ActiveCfg = Debug|Any CPU
		{85D5BF31-EA33-4238-8295-C926FE0C4E0A}.Debug|Any CPU.Build.0 = Debug|Any CPU
		{85D5BF31-EA33-4238-8295-C926FE0C4E0A}.Debug|Any CPU.Deploy.0 = Debug|Any CPU
		{85D5BF31-EA33-4238-8295-C926FE0C4E0A}.Debug|ARM.ActiveCfg = Debug|ARM
		{85D5BF31-EA33-4238-8295-C926FE0C4E0A}.Debug|ARM.Build.0 = Debug|ARM
		{85D5BF31-EA33-4238-8295-C926FE0C4E0A}.Debug|ARM.Deploy.0 = Debug|ARM
		{85D5BF31-EA33-4238-8295-C926FE0C4E0A}.Debug|iPhone.ActiveCfg = Debug|Any CPU
		{85D5BF31-EA33-4238-8295-C926FE0C4E0A}.Debug|iPhone.Build.0 = Debug|Any CPU
		{85D5BF31-EA33-4238-8295-C926FE0C4E0A}.Debug|iPhone.Deploy.0 = Debug|Any CPU
		{85D5BF31-EA33-4238-8295-C926FE0C4E0A}.Debug|iPhoneSimulator.ActiveCfg = Debug|Any CPU
		{85D5BF31-EA33-4238-8295-C926FE0C4E0A}.Debug|iPhoneSimulator.Build.0 = Debug|Any CPU
		{85D5BF31-EA33-4238-8295-C926FE0C4E0A}.Debug|iPhoneSimulator.Deploy.0 = Debug|Any CPU
		{85D5BF31-EA33-4238-8295-C926FE0C4E0A}.Debug|x64.ActiveCfg = Debug|x64
		{85D5BF31-EA33-4238-8295-C926FE0C4E0A}.Debug|x64.Build.0 = Debug|x64
		{85D5BF31-EA33-4238-8295-C926FE0C4E0A}.Debug|x64.Deploy.0 = Debug|x64
		{85D5BF31-EA33-4238-8295-C926FE0C4E0A}.Debug|x86.ActiveCfg = Debug|x86
		{85D5BF31-EA33-4238-8295-C926FE0C4E0A}.Debug|x86.Build.0 = Debug|x86
		{85D5BF31-EA33-4238-8295-C926FE0C4E0A}.Debug|x86.Deploy.0 = Debug|x86
		{85D5BF31-EA33-4238-8295-C926FE0C4E0A}.Release|Any CPU.ActiveCfg = Release|Any CPU
		{85D5BF31-EA33-4238-8295-C926FE0C4E0A}.Release|Any CPU.Build.0 = Release|Any CPU
		{85D5BF31-EA33-4238-8295-C926FE0C4E0A}.Release|Any CPU.Deploy.0 = Release|Any CPU
		{85D5BF31-EA33-4238-8295-C926FE0C4E0A}.Release|ARM.ActiveCfg = Release|ARM
		{85D5BF31-EA33-4238-8295-C926FE0C4E0A}.Release|ARM.Build.0 = Release|ARM
		{85D5BF31-EA33-4238-8295-C926FE0C4E0A}.Release|ARM.Deploy.0 = Release|ARM
		{85D5BF31-EA33-4238-8295-C926FE0C4E0A}.Release|iPhone.ActiveCfg = Release|Any CPU
		{85D5BF31-EA33-4238-8295-C926FE0C4E0A}.Release|iPhone.Build.0 = Release|Any CPU
		{85D5BF31-EA33-4238-8295-C926FE0C4E0A}.Release|iPhone.Deploy.0 = Release|Any CPU
		{85D5BF31-EA33-4238-8295-C926FE0C4E0A}.Release|iPhoneSimulator.ActiveCfg = Release|Any CPU
		{85D5BF31-EA33-4238-8295-C926FE0C4E0A}.Release|iPhoneSimulator.Build.0 = Release|Any CPU
		{85D5BF31-EA33-4238-8295-C926FE0C4E0A}.Release|iPhoneSimulator.Deploy.0 = Release|Any CPU
		{85D5BF31-EA33-4238-8295-C926FE0C4E0A}.Release|x64.ActiveCfg = Release|x64
		{85D5BF31-EA33-4238-8295-C926FE0C4E0A}.Release|x64.Build.0 = Release|x64
		{85D5BF31-EA33-4238-8295-C926FE0C4E0A}.Release|x64.Deploy.0 = Release|x64
		{85D5BF31-EA33-4238-8295-C926FE0C4E0A}.Release|x86.ActiveCfg = Release|x86
		{85D5BF31-EA33-4238-8295-C926FE0C4E0A}.Release|x86.Build.0 = Release|x86
		{85D5BF31-EA33-4238-8295-C926FE0C4E0A}.Release|x86.Deploy.0 = Release|x86
		{7183E7BA-33CE-4B11-8B41-BB451BCA11A8}.Ad-Hoc|Any CPU.ActiveCfg = Release|Any CPU
		{7183E7BA-33CE-4B11-8B41-BB451BCA11A8}.Ad-Hoc|Any CPU.Build.0 = Release|Any CPU
		{7183E7BA-33CE-4B11-8B41-BB451BCA11A8}.Ad-Hoc|ARM.ActiveCfg = Release|Any CPU
		{7183E7BA-33CE-4B11-8B41-BB451BCA11A8}.Ad-Hoc|ARM.Build.0 = Release|Any CPU
		{7183E7BA-33CE-4B11-8B41-BB451BCA11A8}.Ad-Hoc|iPhone.ActiveCfg = Release|Any CPU
		{7183E7BA-33CE-4B11-8B41-BB451BCA11A8}.Ad-Hoc|iPhone.Build.0 = Release|Any CPU
		{7183E7BA-33CE-4B11-8B41-BB451BCA11A8}.Ad-Hoc|iPhoneSimulator.ActiveCfg = Release|Any CPU
		{7183E7BA-33CE-4B11-8B41-BB451BCA11A8}.Ad-Hoc|iPhoneSimulator.Build.0 = Release|Any CPU
		{7183E7BA-33CE-4B11-8B41-BB451BCA11A8}.Ad-Hoc|x64.ActiveCfg = Release|Any CPU
		{7183E7BA-33CE-4B11-8B41-BB451BCA11A8}.Ad-Hoc|x64.Build.0 = Release|Any CPU
		{7183E7BA-33CE-4B11-8B41-BB451BCA11A8}.Ad-Hoc|x86.ActiveCfg = Release|Any CPU
		{7183E7BA-33CE-4B11-8B41-BB451BCA11A8}.Ad-Hoc|x86.Build.0 = Release|Any CPU
		{7183E7BA-33CE-4B11-8B41-BB451BCA11A8}.AppStore|Any CPU.ActiveCfg = Release|Any CPU
		{7183E7BA-33CE-4B11-8B41-BB451BCA11A8}.AppStore|Any CPU.Build.0 = Release|Any CPU
		{7183E7BA-33CE-4B11-8B41-BB451BCA11A8}.AppStore|ARM.ActiveCfg = Release|Any CPU
		{7183E7BA-33CE-4B11-8B41-BB451BCA11A8}.AppStore|ARM.Build.0 = Release|Any CPU
		{7183E7BA-33CE-4B11-8B41-BB451BCA11A8}.AppStore|iPhone.ActiveCfg = Release|Any CPU
		{7183E7BA-33CE-4B11-8B41-BB451BCA11A8}.AppStore|iPhone.Build.0 = Release|Any CPU
		{7183E7BA-33CE-4B11-8B41-BB451BCA11A8}.AppStore|iPhoneSimulator.ActiveCfg = Release|Any CPU
		{7183E7BA-33CE-4B11-8B41-BB451BCA11A8}.AppStore|iPhoneSimulator.Build.0 = Release|Any CPU
		{7183E7BA-33CE-4B11-8B41-BB451BCA11A8}.AppStore|x64.ActiveCfg = Release|Any CPU
		{7183E7BA-33CE-4B11-8B41-BB451BCA11A8}.AppStore|x64.Build.0 = Release|Any CPU
		{7183E7BA-33CE-4B11-8B41-BB451BCA11A8}.AppStore|x86.ActiveCfg = Release|Any CPU
		{7183E7BA-33CE-4B11-8B41-BB451BCA11A8}.AppStore|x86.Build.0 = Release|Any CPU
		{7183E7BA-33CE-4B11-8B41-BB451BCA11A8}.Debug|Any CPU.ActiveCfg = Debug|Any CPU
		{7183E7BA-33CE-4B11-8B41-BB451BCA11A8}.Debug|Any CPU.Build.0 = Debug|Any CPU
		{7183E7BA-33CE-4B11-8B41-BB451BCA11A8}.Debug|ARM.ActiveCfg = Debug|Any CPU
		{7183E7BA-33CE-4B11-8B41-BB451BCA11A8}.Debug|ARM.Build.0 = Debug|Any CPU
		{7183E7BA-33CE-4B11-8B41-BB451BCA11A8}.Debug|iPhone.ActiveCfg = Debug|Any CPU
		{7183E7BA-33CE-4B11-8B41-BB451BCA11A8}.Debug|iPhone.Build.0 = Debug|Any CPU
		{7183E7BA-33CE-4B11-8B41-BB451BCA11A8}.Debug|iPhoneSimulator.ActiveCfg = Debug|Any CPU
		{7183E7BA-33CE-4B11-8B41-BB451BCA11A8}.Debug|iPhoneSimulator.Build.0 = Debug|Any CPU
		{7183E7BA-33CE-4B11-8B41-BB451BCA11A8}.Debug|x64.ActiveCfg = Debug|Any CPU
		{7183E7BA-33CE-4B11-8B41-BB451BCA11A8}.Debug|x64.Build.0 = Debug|Any CPU
		{7183E7BA-33CE-4B11-8B41-BB451BCA11A8}.Debug|x86.ActiveCfg = Debug|Any CPU
		{7183E7BA-33CE-4B11-8B41-BB451BCA11A8}.Debug|x86.Build.0 = Debug|Any CPU
		{7183E7BA-33CE-4B11-8B41-BB451BCA11A8}.Release|Any CPU.ActiveCfg = Release|Any CPU
		{7183E7BA-33CE-4B11-8B41-BB451BCA11A8}.Release|Any CPU.Build.0 = Release|Any CPU
		{7183E7BA-33CE-4B11-8B41-BB451BCA11A8}.Release|ARM.ActiveCfg = Release|Any CPU
		{7183E7BA-33CE-4B11-8B41-BB451BCA11A8}.Release|ARM.Build.0 = Release|Any CPU
		{7183E7BA-33CE-4B11-8B41-BB451BCA11A8}.Release|iPhone.ActiveCfg = Release|Any CPU
		{7183E7BA-33CE-4B11-8B41-BB451BCA11A8}.Release|iPhone.Build.0 = Release|Any CPU
		{7183E7BA-33CE-4B11-8B41-BB451BCA11A8}.Release|iPhoneSimulator.ActiveCfg = Release|Any CPU
		{7183E7BA-33CE-4B11-8B41-BB451BCA11A8}.Release|iPhoneSimulator.Build.0 = Release|Any CPU
		{7183E7BA-33CE-4B11-8B41-BB451BCA11A8}.Release|x64.ActiveCfg = Release|Any CPU
		{7183E7BA-33CE-4B11-8B41-BB451BCA11A8}.Release|x64.Build.0 = Release|Any CPU
		{7183E7BA-33CE-4B11-8B41-BB451BCA11A8}.Release|x86.ActiveCfg = Release|Any CPU
		{7183E7BA-33CE-4B11-8B41-BB451BCA11A8}.Release|x86.Build.0 = Release|Any CPU
	EndGlobalSection
	GlobalSection(SolutionProperties) = preSolution
		HideSolutionNode = FALSE
	EndGlobalSection
EndGlobal
